
Microsoft Visual Studio Solution File, Format Version 12.00
# Visual Studio Version 17
VisualStudioVersion = 17.13.35931.197 d17.13
MinimumVisualStudioVersion = 10.0.40219.1
Project("{FAE04EC0-301F-11D3-BF4B-00C04F79EFBC}") = "WinFormsApp1", "WinFormsApp1\WinFormsApp1.csproj", "{B07CB9A7-D2CA-4DC7-A321-4F4956948052}"
EndProject
Global
	GlobalSection(SolutionConfigurationPlatforms) = preSolution
		Debug|Any CPU = Debug|Any CPU
		Release|Any CPU = Release|Any CPU
	EndGlobalSection
	GlobalSection(ProjectConfigurationPlatforms) = postSolution
		{B07CB9A7-D2CA-4DC7-A321-4F4956948052}.Debug|Any CPU.ActiveCfg = Debug|Any CPU
		{B07CB9A7-D2CA-4DC7-A321-4F4956948052}.Debug|Any CPU.Build.0 = Debug|Any CPU
		{B07CB9A7-D2CA-4DC7-A321-4F4956948052}.Release|Any CPU.ActiveCfg = Release|Any CPU
		{B07CB9A7-D2CA-4DC7-A321-4F4956948052}.Release|Any CPU.Build.0 = Release|Any CPU
	EndGlobalSection
	GlobalSection(SolutionProperties) = preSolution
		HideSolutionNode = FALSE
	EndGlobalSection
	GlobalSection(ExtensibilityGlobals) = postSolution
		SolutionGuid = {9FFCBDB1-9EE9-45DF-9055-4F70E3679C4E}
	EndGlobalSection
EndGlobal
